// !$*UTF8*$!
{
	archiveVersion = 1;
	classes = {
	};
	objectVersion = 51;
	objects = {

/* Begin PBXBuildFile section */
		11B781DC26C246D800B92CF0 /* Pencil.swift in Sources */ = {isa = PBXBuildFile; fileRef = 11B781DB26C246D800B92CF0 /* Pencil.swift */; };
		11B781DF26C2527600B92CF0 /* TextView.swift in Sources */ = {isa = PBXBuildFile; fileRef = 11B781DE26C2527600B92CF0 /* TextView.swift */; };
		11B781E126C2531D00B92CF0 /* TextEditor.swift in Sources */ = {isa = PBXBuildFile; fileRef = 11B781E026C2531D00B92CF0 /* TextEditor.swift */; };
		13074FE934F6340EB24787B6 /* Preview Assets.xcassets in Resources */ = {isa = PBXBuildFile; fileRef = 8B1249370FA92B488FD61017 /* Preview Assets.xcassets */; };
		2E80738AF64139BE0C3BDC5B /* Padding.swift in Sources */ = {isa = PBXBuildFile; fileRef = 9D1F854188437813CB8ABA76 /* Padding.swift */; };
		40636169330ED55587754506 /* Hidden.swift in Sources */ = {isa = PBXBuildFile; fileRef = 4B1449E2972E3BA15BE4924A /* Hidden.swift */; };
		45BCB4DCFD07A1BA13DF5B34 /* EnikkiApp.swift in Sources */ = {isa = PBXBuildFile; fileRef = 198F60DE7C159959B06999C0 /* EnikkiApp.swift */; };
		67ECE5BDD3287C2D3BF6F312 /* ContentView.swift in Sources */ = {isa = PBXBuildFile; fileRef = 9EA6099D06EB7905CBEA9003 /* ContentView.swift */; };
		9CBDFC1B822B546DA19FF93B /* Color.swift in Sources */ = {isa = PBXBuildFile; fileRef = 0089F561DAF0D76D1AD686EC /* Color.swift */; };
		A4C9EF75AC47515A5FDA863B /* Font.swift in Sources */ = {isa = PBXBuildFile; fileRef = 57FEB6B922EC8624C7C05241 /* Font.swift */; };
		CB331F7D38AC6A7BFB892165 /* Assets.xcassets in Resources */ = {isa = PBXBuildFile; fileRef = 0FC07C1B9CD85E83F668A3B0 /* Assets.xcassets */; };
		DD343A44934D0CE354FC6538 /* Date.swift in Sources */ = {isa = PBXBuildFile; fileRef = 5077EB35B122D47C0B0BFBBA /* Date.swift */; };
/* End PBXBuildFile section */

/* Begin PBXFileReference section */
		0089F561DAF0D76D1AD686EC /* Color.swift */ = {isa = PBXFileReference; lastKnownFileType = sourcecode.swift; path = Color.swift; sourceTree = "<group>"; };
		0FC07C1B9CD85E83F668A3B0 /* Assets.xcassets */ = {isa = PBXFileReference; lastKnownFileType = folder.assetcatalog; path = Assets.xcassets; sourceTree = "<group>"; };
		11B781DB26C246D800B92CF0 /* Pencil.swift */ = {isa = PBXFileReference; lastKnownFileType = sourcecode.swift; path = Pencil.swift; sourceTree = "<group>"; };
		11B781DE26C2527600B92CF0 /* TextView.swift */ = {isa = PBXFileReference; lastKnownFileType = sourcecode.swift; path = TextView.swift; sourceTree = "<group>"; };
		11B781E026C2531D00B92CF0 /* TextEditor.swift */ = {isa = PBXFileReference; lastKnownFileType = sourcecode.swift; path = TextEditor.swift; sourceTree = "<group>"; };
		128759C8952527F5658AA94E /* Info.plist */ = {isa = PBXFileReference; lastKnownFileType = text.plist; path = Info.plist; sourceTree = "<group>"; };
		198F60DE7C159959B06999C0 /* EnikkiApp.swift */ = {isa = PBXFileReference; lastKnownFileType = sourcecode.swift; path = EnikkiApp.swift; sourceTree = "<group>"; };
		4B1449E2972E3BA15BE4924A /* Hidden.swift */ = {isa = PBXFileReference; lastKnownFileType = sourcecode.swift; path = Hidden.swift; sourceTree = "<group>"; };
		5077EB35B122D47C0B0BFBBA /* Date.swift */ = {isa = PBXFileReference; lastKnownFileType = sourcecode.swift; path = Date.swift; sourceTree = "<group>"; };
		57FEB6B922EC8624C7C05241 /* Font.swift */ = {isa = PBXFileReference; lastKnownFileType = sourcecode.swift; path = Font.swift; sourceTree = "<group>"; };
		8B1249370FA92B488FD61017 /* Preview Assets.xcassets */ = {isa = PBXFileReference; lastKnownFileType = folder.assetcatalog; path = "Preview Assets.xcassets"; sourceTree = "<group>"; };
		9D1F854188437813CB8ABA76 /* Padding.swift */ = {isa = PBXFileReference; lastKnownFileType = sourcecode.swift; path = Padding.swift; sourceTree = "<group>"; };
		9EA6099D06EB7905CBEA9003 /* ContentView.swift */ = {isa = PBXFileReference; lastKnownFileType = sourcecode.swift; path = ContentView.swift; sourceTree = "<group>"; };
		ED2ACE288C4F4E8A04FA5B88 /* Enikki.app */ = {isa = PBXFileReference; explicitFileType = wrapper.application; includeInIndex = 0; path = Enikki.app; sourceTree = BUILT_PRODUCTS_DIR; };
/* End PBXFileReference section */

/* Begin PBXGroup section */
		0E2BA4ED663521EA7A9DA535 /* Products */ = {
			isa = PBXGroup;
			children = (
				ED2ACE288C4F4E8A04FA5B88 /* Enikki.app */,
			);
			name = Products;
			sourceTree = "<group>";
		};
		11B781D826C245A600B92CF0 /* Draw */ = {
			isa = PBXGroup;
			children = (
				11B781DB26C246D800B92CF0 /* Pencil.swift */,
			);
			path = Draw;
			sourceTree = "<group>";
		};
		11B781DD26C250A900B92CF0 /* Editor */ = {
			isa = PBXGroup;
			children = (
				11B781DE26C2527600B92CF0 /* TextView.swift */,
				11B781E026C2531D00B92CF0 /* TextEditor.swift */,
			);
			path = Editor;
			sourceTree = "<group>";
		};
		23005F0447CAEE9FA8D4128C /* Preview Content */ = {
			isa = PBXGroup;
			children = (
				8B1249370FA92B488FD61017 /* Preview Assets.xcassets */,
			);
			path = "Preview Content";
			sourceTree = "<group>";
		};
		30D6E9C2C23527BBBBAF523C = {
			isa = PBXGroup;
			children = (
				7C10F9C562180F47598F57FC /* Enikki */,
				0E2BA4ED663521EA7A9DA535 /* Products */,
			);
			sourceTree = "<group>";
		};
		5E749917CD11BED0586DB078 /* Extensions */ = {
			isa = PBXGroup;
			children = (
				0089F561DAF0D76D1AD686EC /* Color.swift */,
				5077EB35B122D47C0B0BFBBA /* Date.swift */,
				57FEB6B922EC8624C7C05241 /* Font.swift */,
				9D1F854188437813CB8ABA76 /* Padding.swift */,
			);
			path = Extensions;
			sourceTree = "<group>";
		};
		6971441450C584683AB120CD /* Modifier */ = {
			isa = PBXGroup;
			children = (
				4B1449E2972E3BA15BE4924A /* Hidden.swift */,
			);
			path = Modifier;
			sourceTree = "<group>";
		};
		7C10F9C562180F47598F57FC /* Enikki */ = {
			isa = PBXGroup;
			children = (
				11B781DD26C250A900B92CF0 /* Editor */,
				11B781D826C245A600B92CF0 /* Draw */,
				0FC07C1B9CD85E83F668A3B0 /* Assets.xcassets */,
				9EA6099D06EB7905CBEA9003 /* ContentView.swift */,
				198F60DE7C159959B06999C0 /* EnikkiApp.swift */,
				128759C8952527F5658AA94E /* Info.plist */,
				5E749917CD11BED0586DB078 /* Extensions */,
				23005F0447CAEE9FA8D4128C /* Preview Content */,
				A3FCFD2A8E2578A018732C3C /* Utility */,
			);
			path = Enikki;
			sourceTree = "<group>";
		};
		A3FCFD2A8E2578A018732C3C /* Utility */ = {
			isa = PBXGroup;
			children = (
				6971441450C584683AB120CD /* Modifier */,
			);
			path = Utility;
			sourceTree = "<group>";
		};
/* End PBXGroup section */

/* Begin PBXNativeTarget section */
		DD502F0455488F6D6FDB8710 /* Enikki */ = {
			isa = PBXNativeTarget;
			buildConfigurationList = 02A6B4A89CA78196C0B6FACE /* Build configuration list for PBXNativeTarget "Enikki" */;
			buildPhases = (
				F1C4810E8CA8A35A3AF76459 /* Sources */,
				BAC3ACE4767336768AEE1825 /* Resources */,
			);
			buildRules = (
			);
			dependencies = (
			);
			name = Enikki;
			productName = Enikki;
			productReference = ED2ACE288C4F4E8A04FA5B88 /* Enikki.app */;
			productType = "com.apple.product-type.application";
		};
/* End PBXNativeTarget section */

/* Begin PBXProject section */
		B9E566B25545032F14BA0F83 /* Project object */ = {
			isa = PBXProject;
			attributes = {
				LastUpgradeCheck = 1200;
			};
			buildConfigurationList = 2ECDADF88818F4C804506508 /* Build configuration list for PBXProject "Enikki" */;
			compatibilityVersion = "Xcode 10.0";
			developmentRegion = en;
			hasScannedForEncodings = 0;
			knownRegions = (
				Base,
				en,
			);
			mainGroup = 30D6E9C2C23527BBBBAF523C;
			projectDirPath = "";
			projectRoot = "";
			targets = (
				DD502F0455488F6D6FDB8710 /* Enikki */,
			);
		};
/* End PBXProject section */

/* Begin PBXResourcesBuildPhase section */
		BAC3ACE4767336768AEE1825 /* Resources */ = {
			isa = PBXResourcesBuildPhase;
			buildActionMask = 2147483647;
			files = (
				CB331F7D38AC6A7BFB892165 /* Assets.xcassets in Resources */,
				13074FE934F6340EB24787B6 /* Preview Assets.xcassets in Resources */,
			);
			runOnlyForDeploymentPostprocessing = 0;
		};
/* End PBXResourcesBuildPhase section */

/* Begin PBXSourcesBuildPhase section */
		F1C4810E8CA8A35A3AF76459 /* Sources */ = {
			isa = PBXSourcesBuildPhase;
			buildActionMask = 2147483647;
			files = (
				9CBDFC1B822B546DA19FF93B /* Color.swift in Sources */,
				67ECE5BDD3287C2D3BF6F312 /* ContentView.swift in Sources */,
				DD343A44934D0CE354FC6538 /* Date.swift in Sources */,
				45BCB4DCFD07A1BA13DF5B34 /* EnikkiApp.swift in Sources */,
				11B781DC26C246D800B92CF0 /* Pencil.swift in Sources */,
				11B781E126C2531D00B92CF0 /* TextEditor.swift in Sources */,
				A4C9EF75AC47515A5FDA863B /* Font.swift in Sources */,
				40636169330ED55587754506 /* Hidden.swift in Sources */,
				2E80738AF64139BE0C3BDC5B /* Padding.swift in Sources */,
				11B781DF26C2527600B92CF0 /* TextView.swift in Sources */,
			);
			runOnlyForDeploymentPostprocessing = 0;
		};
/* End PBXSourcesBuildPhase section */

/* Begin XCBuildConfiguration section */
		8128D8598CC709C84434137B /* Debug */ = {
			isa = XCBuildConfiguration;
			buildSettings = {
				ALWAYS_SEARCH_USER_PATHS = NO;
				CLANG_ANALYZER_NONNULL = YES;
				CLANG_ANALYZER_NUMBER_OBJECT_CONVERSION = YES_AGGRESSIVE;
				CLANG_CXX_LANGUAGE_STANDARD = "gnu++14";
				CLANG_CXX_LIBRARY = "libc++";
				CLANG_ENABLE_MODULES = YES;
				CLANG_ENABLE_OBJC_ARC = YES;
				CLANG_ENABLE_OBJC_WEAK = YES;
				CLANG_WARN_BLOCK_CAPTURE_AUTORELEASING = YES;
				CLANG_WARN_BOOL_CONVERSION = YES;
				CLANG_WARN_COMMA = YES;
				CLANG_WARN_CONSTANT_CONVERSION = YES;
				CLANG_WARN_DEPRECATED_OBJC_IMPLEMENTATIONS = YES;
				CLANG_WARN_DIRECT_OBJC_ISA_USAGE = YES_ERROR;
				CLANG_WARN_DOCUMENTATION_COMMENTS = YES;
				CLANG_WARN_EMPTY_BODY = YES;
				CLANG_WARN_ENUM_CONVERSION = YES;
				CLANG_WARN_INFINITE_RECURSION = YES;
				CLANG_WARN_INT_CONVERSION = YES;
				CLANG_WARN_NON_LITERAL_NULL_CONVERSION = YES;
				CLANG_WARN_OBJC_IMPLICIT_RETAIN_SELF = YES;
				CLANG_WARN_OBJC_LITERAL_CONVERSION = YES;
				CLANG_WARN_OBJC_ROOT_CLASS = YES_ERROR;
				CLANG_WARN_QUOTED_INCLUDE_IN_FRAMEWORK_HEADER = YES;
				CLANG_WARN_RANGE_LOOP_ANALYSIS = YES;
				CLANG_WARN_STRICT_PROTOTYPES = YES;
				CLANG_WARN_SUSPICIOUS_MOVE = YES;
				CLANG_WARN_UNGUARDED_AVAILABILITY = YES_AGGRESSIVE;
				CLANG_WARN_UNREACHABLE_CODE = YES;
				CLANG_WARN__DUPLICATE_METHOD_MATCH = YES;
				COPY_PHASE_STRIP = NO;
				DEBUG_INFORMATION_FORMAT = dwarf;
				ENABLE_STRICT_OBJC_MSGSEND = YES;
				ENABLE_TESTABILITY = YES;
				GCC_C_LANGUAGE_STANDARD = gnu11;
				GCC_DYNAMIC_NO_PIC = NO;
				GCC_NO_COMMON_BLOCKS = YES;
				GCC_OPTIMIZATION_LEVEL = 0;
				GCC_PREPROCESSOR_DEFINITIONS = (
					"$(inherited)",
					"DEBUG=1",
				);
				GCC_WARN_64_TO_32_BIT_CONVERSION = YES;
				GCC_WARN_ABOUT_RETURN_TYPE = YES_ERROR;
				GCC_WARN_UNDECLARED_SELECTOR = YES;
				GCC_WARN_UNINITIALIZED_AUTOS = YES_AGGRESSIVE;
				GCC_WARN_UNUSED_FUNCTION = YES;
				GCC_WARN_UNUSED_VARIABLE = YES;
				MTL_ENABLE_DEBUG_INFO = INCLUDE_SOURCE;
				MTL_FAST_MATH = YES;
				ONLY_ACTIVE_ARCH = YES;
				PRODUCT_NAME = "$(TARGET_NAME)";
				SDKROOT = iphoneos;
				SWIFT_ACTIVE_COMPILATION_CONDITIONS = DEBUG;
				SWIFT_OPTIMIZATION_LEVEL = "-Onone";
				SWIFT_VERSION = 5.0;
			};
			name = Debug;
		};
		B2704BF02985D1CE5A7A024C /* Debug */ = {
			isa = XCBuildConfiguration;
			buildSettings = {
				ASSETCATALOG_COMPILER_APPICON_NAME = AppIcon;
				CODE_SIGN_IDENTITY = "iPhone Developer";
				DEVELOPMENT_TEAM = 9DZWZ2QDGB;
				INFOPLIST_FILE = Enikki/Info.plist;
				IPHONEOS_DEPLOYMENT_TARGET = 14.1;
				LD_RUNPATH_SEARCH_PATHS = (
					"$(inherited)",
					"@executable_path/Frameworks",
				);
				PRODUCT_BUNDLE_IDENTIFIER = tiking.Enikki.Enikki;
				SDKROOT = iphoneos;
				TARGETED_DEVICE_FAMILY = "1,2";
			};
			name = Debug;
		};
		D8D2B55B9F876B49296D13AD /* Release */ = {
			isa = XCBuildConfiguration;
			buildSettings = {
				ALWAYS_SEARCH_USER_PATHS = NO;
				CLANG_ANALYZER_NONNULL = YES;
				CLANG_ANALYZER_NUMBER_OBJECT_CONVERSION = YES_AGGRESSIVE;
				CLANG_CXX_LANGUAGE_STANDARD = "gnu++14";
				CLANG_CXX_LIBRARY = "libc++";
				CLANG_ENABLE_MODULES = YES;
				CLANG_ENABLE_OBJC_ARC = YES;
				CLANG_ENABLE_OBJC_WEAK = YES;
				CLANG_WARN_BLOCK_CAPTURE_AUTORELEASING = YES;
				CLANG_WARN_BOOL_CONVERSION = YES;
				CLANG_WARN_COMMA = YES;
				CLANG_WARN_CONSTANT_CONVERSION = YES;
				CLANG_WARN_DEPRECATED_OBJC_IMPLEMENTATIONS = YES;
				CLANG_WARN_DIRECT_OBJC_ISA_USAGE = YES_ERROR;
				CLANG_WARN_DOCUMENTATION_COMMENTS = YES;
				CLANG_WARN_EMPTY_BODY = YES;
				CLANG_WARN_ENUM_CONVERSION = YES;
				CLANG_WARN_INFINITE_RECURSION = YES;
				CLANG_WARN_INT_CONVERSION = YES;
				CLANG_WARN_NON_LITERAL_NULL_CONVERSION = YES;
				CLANG_WARN_OBJC_IMPLICIT_RETAIN_SELF = YES;
				CLANG_WARN_OBJC_LITERAL_CONVERSION = YES;
				CLANG_WARN_OBJC_ROOT_CLASS = YES_ERROR;
				CLANG_WARN_QUOTED_INCLUDE_IN_FRAMEWORK_HEADER = YES;
				CLANG_WARN_RANGE_LOOP_ANALYSIS = YES;
				CLANG_WARN_STRICT_PROTOTYPES = YES;
				CLANG_WARN_SUSPICIOUS_MOVE = YES;
				CLANG_WARN_UNGUARDED_AVAILABILITY = YES_AGGRESSIVE;
				CLANG_WARN_UNREACHABLE_CODE = YES;
				CLANG_WARN__DUPLICATE_METHOD_MATCH = YES;
				COPY_PHASE_STRIP = NO;
				DEBUG_INFORMATION_FORMAT = "dwarf-with-dsym";
				ENABLE_NS_ASSERTIONS = NO;
				ENABLE_STRICT_OBJC_MSGSEND = YES;
				GCC_C_LANGUAGE_STANDARD = gnu11;
				GCC_NO_COMMON_BLOCKS = YES;
				GCC_WARN_64_TO_32_BIT_CONVERSION = YES;
				GCC_WARN_ABOUT_RETURN_TYPE = YES_ERROR;
				GCC_WARN_UNDECLARED_SELECTOR = YES;
				GCC_WARN_UNINITIALIZED_AUTOS = YES_AGGRESSIVE;
				GCC_WARN_UNUSED_FUNCTION = YES;
				GCC_WARN_UNUSED_VARIABLE = YES;
				MTL_ENABLE_DEBUG_INFO = NO;
				MTL_FAST_MATH = YES;
				PRODUCT_NAME = "$(TARGET_NAME)";
				SDKROOT = iphoneos;
				SWIFT_COMPILATION_MODE = wholemodule;
				SWIFT_OPTIMIZATION_LEVEL = "-O";
				SWIFT_VERSION = 5.0;
			};
			name = Release;
		};
		E1B9E4B22F089D4097C8F482 /* Release */ = {
			isa = XCBuildConfiguration;
			buildSettings = {
				ASSETCATALOG_COMPILER_APPICON_NAME = AppIcon;
				CODE_SIGN_IDENTITY = "iPhone Developer";
				DEVELOPMENT_TEAM = 9DZWZ2QDGB;
				INFOPLIST_FILE = Enikki/Info.plist;
				IPHONEOS_DEPLOYMENT_TARGET = 14.1;
				LD_RUNPATH_SEARCH_PATHS = (
					"$(inherited)",
					"@executable_path/Frameworks",
				);
				PRODUCT_BUNDLE_IDENTIFIER = tiking.Enikki.Enikki;
				SDKROOT = iphoneos;
				TARGETED_DEVICE_FAMILY = "1,2";
			};
			name = Release;
		};
/* End XCBuildConfiguration section */

/* Begin XCConfigurationList section */
		02A6B4A89CA78196C0B6FACE /* Build configuration list for PBXNativeTarget "Enikki" */ = {
			isa = XCConfigurationList;
			buildConfigurations = (
				B2704BF02985D1CE5A7A024C /* Debug */,
				E1B9E4B22F089D4097C8F482 /* Release */,
			);
			defaultConfigurationIsVisible = 0;
			defaultConfigurationName = Debug;
		};
		2ECDADF88818F4C804506508 /* Build configuration list for PBXProject "Enikki" */ = {
			isa = XCConfigurationList;
			buildConfigurations = (
				8128D8598CC709C84434137B /* Debug */,
				D8D2B55B9F876B49296D13AD /* Release */,
			);
			defaultConfigurationIsVisible = 0;
			defaultConfigurationName = Debug;
		};
/* End XCConfigurationList section */
	};
	rootObject = B9E566B25545032F14BA0F83 /* Project object */;
}
